
Microsoft Visual Studio Solution File, Format Version 12.00
# Visual Studio Version 16
VisualStudioVersion = 16.0.810.6
MinimumVisualStudioVersion = 10.0.40219.1
Project("{FAE04EC0-301F-11D3-BF4B-00C04F79EFBC}") = "Generics", "Generics\Generics.csproj", "{82AF1E0E-81A9-4029-B16F-0668F74632A1}"
EndProject
Project("{FAE04EC0-301F-11D3-BF4B-00C04F79EFBC}") = "Delegates", "Delegates\Delegates.csproj", "{B5C79F29-2DA7-4F44-B1D8-08F62FCE4E0A}"
EndProject
Project("{FAE04EC0-301F-11D3-BF4B-00C04F79EFBC}") = "LambdaExpressions", "LambdaExpressions\LambdaExpressions.csproj", "{87666D30-75D8-41BF-9BB4-5A54E93DBFFC}"
EndProject
Project("{FAE04EC0-301F-11D3-BF4B-00C04F79EFBC}") = "ExtensionMethods", "ExtensionMethods\ExtensionMethods.csproj", "{22E522DF-C3E9-4FB1-A822-4EF23821864B}"
EndProject
Project("{FAE04EC0-301F-11D3-BF4B-00C04F79EFBC}") = "Linq", "Linq\Linq.csproj", "{ACB180DC-8F0E-418B-9C76-D54D626BF168}"
EndProject
Project("{FAE04EC0-301F-11D3-BF4B-00C04F79EFBC}") = "NullableTypes", "NullableTypes\NullableTypes.csproj", "{995CC7B7-5E11-4E46-BE09-55DA719E879B}"
EndProject
Project("{FAE04EC0-301F-11D3-BF4B-00C04F79EFBC}") = "DynamicBinding", "DynamicBinding\DynamicBinding.csproj", "{6286950D-3431-4C29-B9D3-3780FB47525A}"
EndProject
Project("{FAE04EC0-301F-11D3-BF4B-00C04F79EFBC}") = "ExceptionHandling", "ExceptionHandling\ExceptionHandling.csproj", "{A2DAACCF-AAF0-4F60-A6C0-253E6E6BD867}"
EndProject
Global
	GlobalSection(SolutionConfigurationPlatforms) = preSolution
		Debug|Any CPU = Debug|Any CPU
		Release|Any CPU = Release|Any CPU
	EndGlobalSection
	GlobalSection(ProjectConfigurationPlatforms) = postSolution
		{82AF1E0E-81A9-4029-B16F-0668F74632A1}.Debug|Any CPU.ActiveCfg = Debug|Any CPU
		{82AF1E0E-81A9-4029-B16F-0668F74632A1}.Debug|Any CPU.Build.0 = Debug|Any CPU
		{82AF1E0E-81A9-4029-B16F-0668F74632A1}.Release|Any CPU.ActiveCfg = Release|Any CPU
		{82AF1E0E-81A9-4029-B16F-0668F74632A1}.Release|Any CPU.Build.0 = Release|Any CPU
		{B5C79F29-2DA7-4F44-B1D8-08F62FCE4E0A}.Debug|Any CPU.ActiveCfg = Debug|Any CPU
		{B5C79F29-2DA7-4F44-B1D8-08F62FCE4E0A}.Debug|Any CPU.Build.0 = Debug|Any CPU
		{B5C79F29-2DA7-4F44-B1D8-08F62FCE4E0A}.Release|Any CPU.ActiveCfg = Release|Any CPU
		{B5C79F29-2DA7-4F44-B1D8-08F62FCE4E0A}.Release|Any CPU.Build.0 = Release|Any CPU
		{87666D30-75D8-41BF-9BB4-5A54E93DBFFC}.Debug|Any CPU.ActiveCfg = Debug|Any CPU
		{87666D30-75D8-41BF-9BB4-5A54E93DBFFC}.Debug|Any CPU.Build.0 = Debug|Any CPU
		{87666D30-75D8-41BF-9BB4-5A54E93DBFFC}.Release|Any CPU.ActiveCfg = Release|Any CPU
		{87666D30-75D8-41BF-9BB4-5A54E93DBFFC}.Release|Any CPU.Build.0 = Release|Any CPU
		{22E522DF-C3E9-4FB1-A822-4EF23821864B}.Debug|Any CPU.ActiveCfg = Debug|Any CPU
		{22E522DF-C3E9-4FB1-A822-4EF23821864B}.Debug|Any CPU.Build.0 = Debug|Any CPU
		{22E522DF-C3E9-4FB1-A822-4EF23821864B}.Release|Any CPU.ActiveCfg = Release|Any CPU
		{22E522DF-C3E9-4FB1-A822-4EF23821864B}.Release|Any CPU.Build.0 = Release|Any CPU
		{ACB180DC-8F0E-418B-9C76-D54D626BF168}.Debug|Any CPU.ActiveCfg = Debug|Any CPU
		{ACB180DC-8F0E-418B-9C76-D54D626BF168}.Debug|Any CPU.Build.0 = Debug|Any CPU
		{ACB180DC-8F0E-418B-9C76-D54D626BF168}.Release|Any CPU.ActiveCfg = Release|Any CPU
		{ACB180DC-8F0E-418B-9C76-D54D626BF168}.Release|Any CPU.Build.0 = Release|Any CPU
		{995CC7B7-5E11-4E46-BE09-55DA719E879B}.Debug|Any CPU.ActiveCfg = Debug|Any CPU
		{995CC7B7-5E11-4E46-BE09-55DA719E879B}.Debug|Any CPU.Build.0 = Debug|Any CPU
		{995CC7B7-5E11-4E46-BE09-55DA719E879B}.Release|Any CPU.ActiveCfg = Release|Any CPU
		{995CC7B7-5E11-4E46-BE09-55DA719E879B}.Release|Any CPU.Build.0 = Release|Any CPU
		{6286950D-3431-4C29-B9D3-3780FB47525A}.Debug|Any CPU.ActiveCfg = Debug|Any CPU
		{6286950D-3431-4C29-B9D3-3780FB47525A}.Debug|Any CPU.Build.0 = Debug|Any CPU
		{6286950D-3431-4C29-B9D3-3780FB47525A}.Release|Any CPU.ActiveCfg = Release|Any CPU
		{6286950D-3431-4C29-B9D3-3780FB47525A}.Release|Any CPU.Build.0 = Release|Any CPU
		{A2DAACCF-AAF0-4F60-A6C0-253E6E6BD867}.Debug|Any CPU.ActiveCfg = Debug|Any CPU
		{A2DAACCF-AAF0-4F60-A6C0-253E6E6BD867}.Debug|Any CPU.Build.0 = Debug|Any CPU
		{A2DAACCF-AAF0-4F60-A6C0-253E6E6BD867}.Release|Any CPU.ActiveCfg = Release|Any CPU
		{A2DAACCF-AAF0-4F60-A6C0-253E6E6BD867}.Release|Any CPU.Build.0 = Release|Any CPU
	EndGlobalSection
	GlobalSection(SolutionProperties) = preSolution
		HideSolutionNode = FALSE
	EndGlobalSection
	GlobalSection(ExtensibilityGlobals) = postSolution
		SolutionGuid = {F276482E-E91C-454F-BA38-272A7E332F2D}
	EndGlobalSection
EndGlobal
